#
# This file is autogenerated by pip-compile with Python 3.10
# by the following command:
#
#    pip-compile --output-file=requirements.lock requirements.txt
#
aiofiles==25.1.0
    # via autogen-ext
aiohappyeyeballs==2.6.1
    # via aiohttp
aiohttp==3.13.2
    # via
    #   instructor
    #   langchain-community
aiosignal==1.4.0
    # via aiohttp
aistudio-sdk==0.3.8
    # via paddlex
annotated-doc==0.0.4
    # via fastapi
annotated-types==0.7.0
    # via pydantic
anyio==4.12.0
    # via
    #   google-genai
    #   httpx
    #   mcp
    #   openai
    #   sse-starlette
    #   starlette
    #   watchfiles
appdirs==1.4.4
    # via crewai
async-timeout==4.0.3
    # via
    #   aiohttp
    #   langchain-classic
attrs==25.4.0
    # via
    #   aiohttp
    #   jsonschema
    #   referencing
audioread==3.1.0
    # via librosa
autogen-agentchat==0.7.5
    # via -r requirements.txt
autogen-core==0.7.5
    # via
    #   -r requirements.txt
    #   autogen-agentchat
    #   autogen-ext
autogen-ext[openai]==0.7.5
    # via -r requirements.txt
backoff==2.2.1
    # via posthog
bce-python-sdk==0.9.56
    # via aistudio-sdk
bcrypt==5.0.0
    # via
    #   chromadb
    #   passlib
beautifulsoup4==4.14.3
    # via -r requirements.txt
build==1.3.0
    # via chromadb
cachetools==6.2.4
    # via google-auth
certifi==2025.11.12
    # via
    #   httpcore
    #   httpx
    #   kubernetes
    #   requests
cffi==2.0.0
    # via
    #   cryptography
    #   soundfile
    #   vosk
cfgv==3.5.0
    # via pre-commit
chardet==5.2.0
    # via paddlex
charset-normalizer==3.4.4
    # via
    #   pdfminer-six
    #   requests
chromadb==1.1.1
    # via
    #   -r requirements.txt
    #   crewai
click==8.3.1
    # via
    #   aistudio-sdk
    #   crewai
    #   typer
    #   uvicorn
colorama==0.4.6
    # via
    #   build
    #   click
    #   colorlog
    #   pytest
    #   tqdm
    #   uvicorn
coloredlogs==15.0.1
    # via onnxruntime
colorlog==6.10.1
    # via paddlex
comtypes==1.4.14
    # via pyttsx3
contourpy==1.3.2
    # via matplotlib
crewai==1.6.1
    # via -r requirements.txt
cryptography==46.0.3
    # via
    #   pdfminer-six
    #   pyjwt
cycler==0.12.1
    # via matplotlib
dataclasses-json==0.6.7
    # via langchain-community
decorator==5.2.1
    # via librosa
diskcache==5.6.3
    # via
    #   instructor
    #   llama-cpp-python
distlib==0.4.0
    # via virtualenv
distro==1.9.0
    # via
    #   google-genai
    #   openai
    #   posthog
docstring-parser==0.17.0
    # via instructor
durationpy==0.10
    # via kubernetes
et-xmlfile==2.0.0
    # via openpyxl
exceptiongroup==1.3.1
    # via
    #   anyio
    #   pytest
faiss-cpu==1.13.2
    # via -r requirements.txt
fastapi==0.127.0
    # via -r requirements.txt
filelock==3.20.1
    # via
    #   huggingface-hub
    #   modelscope
    #   paddlex
    #   torch
    #   transformers
    #   virtualenv
filetype==1.2.0
    # via langchain-google-genai
flatbuffers==25.12.19
    # via onnxruntime
fonttools==4.61.1
    # via matplotlib
frozenlist==1.8.0
    # via
    #   aiohttp
    #   aiosignal
fsspec==2025.12.0
    # via
    #   huggingface-hub
    #   torch
future==1.0.0
    # via bce-python-sdk
google-auth[requests]==2.45.0
    # via
    #   google-genai
    #   kubernetes
google-genai==1.56.0
    # via langchain-google-genai
googleapis-common-protos==1.72.0
    # via
    #   opentelemetry-exporter-otlp-proto-grpc
    #   opentelemetry-exporter-otlp-proto-http
greenlet==3.3.0
    # via sqlalchemy
grpcio==1.76.0
    # via
    #   chromadb
    #   opentelemetry-exporter-otlp-proto-grpc
h11==0.16.0
    # via
    #   httpcore
    #   uvicorn
httpcore==1.0.9
    # via httpx
httptools==0.7.1
    # via uvicorn
httpx==0.28.1
    # via
    #   chromadb
    #   google-genai
    #   langgraph-sdk
    #   langsmith
    #   mcp
    #   openai
    #   paddlepaddle
httpx-sse==0.4.3
    # via
    #   langchain-community
    #   mcp
huggingface-hub==0.36.0
    # via
    #   -r requirements.txt
    #   paddlex
    #   sentence-transformers
    #   tokenizers
    #   transformers
humanfriendly==10.0
    # via coloredlogs
identify==2.6.15
    # via pre-commit
idna==3.11
    # via
    #   anyio
    #   httpx
    #   requests
    #   yarl
imagesize==1.4.1
    # via paddlex
importlib-metadata==8.7.1
    # via opentelemetry-api
importlib-resources==6.5.2
    # via chromadb
iniconfig==2.3.0
    # via pytest
instructor==1.13.0
    # via crewai
jinja2==3.1.6
    # via
    #   instructor
    #   llama-cpp-python
    #   torch
jiter==0.11.1
    # via
    #   instructor
    #   openai
joblib==1.5.3
    # via
    #   librosa
    #   scikit-learn
json-repair==0.25.2
    # via crewai
json5==0.12.1
    # via crewai
jsonpatch==1.33
    # via langchain-core
jsonpointer==3.0.0
    # via jsonpatch
jsonref==1.1.0
    # via
    #   autogen-core
    #   crewai
jsonschema==4.25.1
    # via
    #   chromadb
    #   mcp
jsonschema-specifications==2025.9.1
    # via jsonschema
kiwisolver==1.4.9
    # via matplotlib
kubernetes==34.1.0
    # via chromadb
langchain==1.2.0
    # via -r requirements.txt
langchain-classic==1.0.1
    # via langchain-community
langchain-community==0.4.1
    # via -r requirements.txt
langchain-core==1.2.5
    # via
    #   -r requirements.txt
    #   langchain
    #   langchain-classic
    #   langchain-community
    #   langchain-google-genai
    #   langchain-text-splitters
    #   langgraph
    #   langgraph-checkpoint
    #   langgraph-prebuilt
langchain-google-genai==4.1.2
    # via -r requirements.txt
langchain-text-splitters==1.1.0
    # via
    #   -r requirements.txt
    #   langchain-classic
langgraph==1.0.5
    # via langchain
langgraph-checkpoint==3.0.1
    # via
    #   langgraph
    #   langgraph-prebuilt
langgraph-prebuilt==1.0.5
    # via langgraph
langgraph-sdk==0.3.1
    # via langgraph
langsmith==0.5.1
    # via
    #   -r requirements.txt
    #   langchain-classic
    #   langchain-community
    #   langchain-core
lazy-loader==0.4
    # via librosa
librosa==0.11.0
    # via -r requirements.txt
llama-cpp-python==0.3.16
    # via -r requirements.txt
llvmlite==0.46.0
    # via numba
markdown==3.10
    # via -r requirements.txt
markdown-it-py==4.0.0
    # via rich
markupsafe==3.0.3
    # via jinja2
marshmallow==3.26.2
    # via dataclasses-json
matplotlib==3.10.8
    # via ultralytics
mcp==1.25.0
    # via crewai
mdurl==0.1.2
    # via markdown-it-py
mmh3==5.2.0
    # via chromadb
modelscope==1.33.0
    # via paddlex
more-itertools==10.8.0
    # via openai-whisper
mpmath==1.3.0
    # via sympy
msgpack==1.1.2
    # via librosa
multidict==6.7.0
    # via
    #   aiohttp
    #   yarl
mypy-extensions==1.1.0
    # via typing-inspect
networkx==3.4.2
    # via
    #   paddlepaddle
    #   torch
nodeenv==1.10.0
    # via pre-commit
numba==0.63.1
    # via
    #   librosa
    #   openai-whisper
numpy==2.2.6
    # via
    #   chromadb
    #   contourpy
    #   faiss-cpu
    #   langchain-community
    #   librosa
    #   llama-cpp-python
    #   matplotlib
    #   numba
    #   onnxruntime
    #   openai-whisper
    #   opencv-contrib-python
    #   opencv-python
    #   opt-einsum
    #   paddlepaddle
    #   paddlex
    #   pandas
    #   scikit-learn
    #   scipy
    #   shapely
    #   soundfile
    #   soxr
    #   torchvision
    #   transformers
    #   ultralytics
    #   ultralytics-thop
oauthlib==3.3.1
    # via requests-oauthlib
onnxruntime==1.23.2
    # via chromadb
openai==2.14.0
    # via
    #   -r requirements.txt
    #   autogen-ext
    #   crewai
    #   instructor
openai-whisper==20250625
    # via -r requirements.txt
opencv-contrib-python==4.10.0.84
    # via paddlex
opencv-python==4.12.0.88
    # via
    #   -r requirements.txt
    #   ultralytics
openpyxl==3.1.5
    # via crewai
opentelemetry-api==1.39.1
    # via
    #   autogen-core
    #   chromadb
    #   crewai
    #   opentelemetry-exporter-otlp-proto-grpc
    #   opentelemetry-exporter-otlp-proto-http
    #   opentelemetry-sdk
    #   opentelemetry-semantic-conventions
opentelemetry-exporter-otlp-proto-common==1.39.1
    # via
    #   opentelemetry-exporter-otlp-proto-grpc
    #   opentelemetry-exporter-otlp-proto-http
opentelemetry-exporter-otlp-proto-grpc==1.39.1
    # via chromadb
opentelemetry-exporter-otlp-proto-http==1.39.1
    # via crewai
opentelemetry-proto==1.39.1
    # via
    #   opentelemetry-exporter-otlp-proto-common
    #   opentelemetry-exporter-otlp-proto-grpc
    #   opentelemetry-exporter-otlp-proto-http
opentelemetry-sdk==1.39.1
    # via
    #   chromadb
    #   crewai
    #   opentelemetry-exporter-otlp-proto-grpc
    #   opentelemetry-exporter-otlp-proto-http
opentelemetry-semantic-conventions==0.60b1
    # via opentelemetry-sdk
opt-einsum==3.3.0
    # via paddlepaddle
orjson==3.11.5
    # via
    #   chromadb
    #   langgraph-sdk
    #   langsmith
ormsgpack==1.12.1
    # via langgraph-checkpoint
overrides==7.7.0
    # via chromadb
packaging==25.0
    # via
    #   build
    #   faiss-cpu
    #   huggingface-hub
    #   langchain-core
    #   langsmith
    #   lazy-loader
    #   marshmallow
    #   matplotlib
    #   onnxruntime
    #   paddlex
    #   pooch
    #   pytesseract
    #   pytest
    #   transformers
paddleocr==3.3.2
    # via -r requirements.txt
paddlepaddle==3.2.2
    # via -r requirements.txt
paddlex[ocr-core]==3.3.12
    # via paddleocr
pandas==2.3.3
    # via paddlex
passlib[bcrypt]==1.7.4
    # via -r requirements.txt
pdfminer-six==20251107
    # via pdfplumber
pdfplumber==0.11.8
    # via crewai
pillow==12.0.0
    # via
    #   -r requirements.txt
    #   autogen-core
    #   matplotlib
    #   paddlepaddle
    #   paddlex
    #   pdfplumber
    #   pytesseract
    #   torchvision
    #   ultralytics
platformdirs==4.5.1
    # via
    #   pooch
    #   virtualenv
pluggy==1.6.0
    # via pytest
polars==1.36.1
    # via ultralytics
polars-runtime-32==1.36.1
    # via polars
pooch==1.8.2
    # via librosa
portalocker==2.7.0
    # via crewai
posthog==5.4.0
    # via chromadb
pre-commit==4.5.1
    # via instructor
prettytable==3.17.0
    # via
    #   aistudio-sdk
    #   paddlex
propcache==0.4.1
    # via
    #   aiohttp
    #   yarl
protobuf==5.29.5
    # via
    #   autogen-core
    #   googleapis-common-protos
    #   onnxruntime
    #   opentelemetry-proto
    #   paddlepaddle
psutil==7.2.0
    # via
    #   aistudio-sdk
    #   ultralytics
py-cpuinfo==9.0.0
    # via paddlex
pyasn1==0.6.1
    # via
    #   pyasn1-modules
    #   rsa
pyasn1-modules==0.4.2
    # via google-auth
pybase64==1.4.3
    # via chromadb
pyclipper==1.4.0
    # via paddlex
pycparser==2.23
    # via cffi
pycryptodome==3.23.0
    # via bce-python-sdk
pydantic==2.12.5
    # via
    #   -r requirements.txt
    #   autogen-core
    #   chromadb
    #   crewai
    #   fastapi
    #   google-genai
    #   instructor
    #   langchain
    #   langchain-classic
    #   langchain-core
    #   langchain-google-genai
    #   langgraph
    #   langsmith
    #   mcp
    #   openai
    #   paddlex
    #   pydantic-settings
pydantic-core==2.41.5
    # via
    #   instructor
    #   pydantic
pydantic-settings==2.12.0
    # via
    #   crewai
    #   langchain-community
    #   mcp
pygments==2.19.2
    # via
    #   pytest
    #   rich
pyjwt[crypto]==2.10.1
    # via
    #   -r requirements.txt
    #   crewai
    #   mcp
pyparsing==3.3.1
    # via matplotlib
pypdf2==3.0.1
    # via -r requirements.txt
pypdfium2==5.2.0
    # via
    #   paddlex
    #   pdfplumber
pypika==0.48.9
    # via chromadb
pypiwin32==223
    # via pyttsx3
pyproject-hooks==1.2.0
    # via build
pyreadline3==3.5.4
    # via humanfriendly
pytesseract==0.3.13
    # via -r requirements.txt
pytest==9.0.2
    # via -r requirements.txt
python-bidi==0.6.7
    # via paddlex
python-dateutil==2.9.0.post0
    # via
    #   kubernetes
    #   matplotlib
    #   pandas
    #   posthog
python-dotenv==1.2.1
    # via
    #   -r requirements.txt
    #   crewai
    #   pydantic-settings
    #   uvicorn
python-multipart==0.0.21
    # via
    #   -r requirements.txt
    #   mcp
pyttsx3==2.99
    # via -r requirements.txt
pytz==2025.2
    # via pandas
pywin32==311
    # via
    #   mcp
    #   portalocker
    #   pypiwin32
    #   pyttsx3
pyyaml==6.0.2
    # via
    #   -r requirements.txt
    #   chromadb
    #   huggingface-hub
    #   kubernetes
    #   langchain-classic
    #   langchain-community
    #   langchain-core
    #   paddleocr
    #   paddlex
    #   pre-commit
    #   transformers
    #   ultralytics
    #   uvicorn
referencing==0.37.0
    # via
    #   jsonschema
    #   jsonschema-specifications
regex==2025.11.3
    # via
    #   crewai
    #   tiktoken
    #   transformers
requests==2.32.5
    # via
    #   -r requirements.txt
    #   aistudio-sdk
    #   google-auth
    #   google-genai
    #   huggingface-hub
    #   instructor
    #   kubernetes
    #   langchain-classic
    #   langchain-community
    #   langsmith
    #   modelscope
    #   opentelemetry-exporter-otlp-proto-http
    #   paddleocr
    #   paddlex
    #   pooch
    #   posthog
    #   requests-oauthlib
    #   requests-toolbelt
    #   tiktoken
    #   transformers
    #   ultralytics
    #   vosk
requests-oauthlib==2.0.0
    # via kubernetes
requests-toolbelt==1.0.0
    # via langsmith
rich==14.2.0
    # via
    #   -r requirements.txt
    #   chromadb
    #   instructor
    #   typer
rpds-py==0.30.0
    # via
    #   jsonschema
    #   referencing
rsa==4.9.1
    # via google-auth
ruamel-yaml==0.18.17
    # via paddlex
ruamel-yaml-clib==0.2.15
    # via ruamel-yaml
safetensors==0.7.0
    # via
    #   paddlepaddle
    #   transformers
scikit-learn==1.7.2
    # via
    #   librosa
    #   sentence-transformers
scipy==1.15.3
    # via
    #   librosa
    #   scikit-learn
    #   sentence-transformers
    #   ultralytics
sentence-transformers==5.2.0
    # via -r requirements.txt
sentencepiece==0.2.1
    # via -r requirements.txt
shapely==2.1.2
    # via paddlex
shellingham==1.5.4
    # via typer
six==1.17.0
    # via
    #   bce-python-sdk
    #   kubernetes
    #   posthog
    #   python-dateutil
sniffio==1.3.1
    # via
    #   google-genai
    #   openai
soundfile==0.13.1
    # via
    #   -r requirements.txt
    #   librosa
soupsieve==2.8.1
    # via beautifulsoup4
soxr==1.0.0
    # via librosa
sqlalchemy==2.0.45
    # via
    #   langchain-classic
    #   langchain-community
srt==3.5.3
    # via vosk
sse-starlette==3.0.4
    # via mcp
starlette==0.50.0
    # via
    #   fastapi
    #   mcp
    #   sse-starlette
sympy==1.14.0
    # via
    #   onnxruntime
    #   torch
tenacity==9.1.2
    # via
    #   chromadb
    #   google-genai
    #   instructor
    #   langchain-community
    #   langchain-core
threadpoolctl==3.6.0
    # via scikit-learn
tiktoken==0.12.0
    # via
    #   -r requirements.txt
    #   autogen-ext
    #   openai-whisper
tokenizers==0.22.1
    # via
    #   chromadb
    #   crewai
    #   transformers
tomli==2.3.0
    # via
    #   build
    #   crewai
    #   pytest
tomli-w==1.2.0
    # via crewai
torch==2.9.1
    # via
    #   -r requirements.txt
    #   openai-whisper
    #   sentence-transformers
    #   torchvision
    #   ultralytics
    #   ultralytics-thop
torchvision==0.24.1
    # via ultralytics
tqdm==4.67.1
    # via
    #   aistudio-sdk
    #   chromadb
    #   huggingface-hub
    #   modelscope
    #   openai
    #   openai-whisper
    #   sentence-transformers
    #   transformers
    #   vosk
transformers==4.57.3
    # via
    #   -r requirements.txt
    #   sentence-transformers
ty==0.0.7
    # via instructor
typer==0.20.1
    # via
    #   chromadb
    #   instructor
typing-extensions==4.15.0
    # via
    #   aiosignal
    #   anyio
    #   autogen-core
    #   beautifulsoup4
    #   chromadb
    #   cryptography
    #   exceptiongroup
    #   fastapi
    #   google-genai
    #   grpcio
    #   huggingface-hub
    #   langchain-core
    #   librosa
    #   llama-cpp-python
    #   mcp
    #   multidict
    #   openai
    #   opentelemetry-api
    #   opentelemetry-exporter-otlp-proto-grpc
    #   opentelemetry-exporter-otlp-proto-http
    #   opentelemetry-sdk
    #   opentelemetry-semantic-conventions
    #   paddleocr
    #   paddlepaddle
    #   paddlex
    #   pydantic
    #   pydantic-core
    #   referencing
    #   sentence-transformers
    #   sqlalchemy
    #   starlette
    #   torch
    #   typer
    #   typing-inspect
    #   typing-inspection
    #   uvicorn
    #   virtualenv
typing-inspect==0.9.0
    # via dataclasses-json
typing-inspection==0.4.2
    # via
    #   mcp
    #   pydantic
    #   pydantic-settings
tzdata==2025.3
    # via pandas
ujson==5.11.0
    # via paddlex
ultralytics==8.3.241
    # via -r requirements.txt
ultralytics-thop==2.0.18
    # via ultralytics
urllib3==2.3.0
    # via
    #   kubernetes
    #   modelscope
    #   requests
uuid-utils==0.12.0
    # via
    #   langchain-core
    #   langsmith
uv==0.9.18
    # via crewai
uvicorn[standard]==0.40.0
    # via
    #   -r requirements.txt
    #   chromadb
    #   mcp
virtualenv==20.35.4
    # via pre-commit
vosk==0.3.45
    # via -r requirements.txt
watchfiles==1.1.1
    # via uvicorn
wcwidth==0.2.14
    # via prettytable
websocket-client==1.9.0
    # via kubernetes
websockets==15.0.1
    # via
    #   google-genai
    #   uvicorn
    #   vosk
xxhash==3.6.0
    # via langgraph
yarl==1.22.0
    # via aiohttp
zipp==3.23.0
    # via importlib-metadata
zstandard==0.25.0
    # via langsmith

# The following packages are considered to be unsafe in a requirements file:
# setuptools
